
Microsoft Visual Studio Solution File, Format Version 12.00
# Visual Studio Version 17
VisualStudioVersion = 17.4.33205.214
MinimumVisualStudioVersion = 10.0.40219.1
Project("{FAE04EC0-301F-11D3-BF4B-00C04F79EFBC}") = "ScheduleMicroService", "ScheduleMicroService\ScheduleMicroService.csproj", "{85FD7554-B890-44E7-8B79-3467165DD553}"
EndProject
Project("{FAE04EC0-301F-11D3-BF4B-00C04F79EFBC}") = "ScheduleMicroservice.Application", "ScheduleMicroservice.Application\ScheduleMicroservice.Application.csproj", "{703ADD8F-8B39-49E5-A36C-770216D7CE82}"
EndProject
Project("{FAE04EC0-301F-11D3-BF4B-00C04F79EFBC}") = "ScheduleMicroservice.Domain", "ScheduleMicroservice.Domain\ScheduleMicroservice.Domain.csproj", "{D234D21C-6B95-49EE-BF97-437A4C7DECA2}"
EndProject
Project("{FAE04EC0-301F-11D3-BF4B-00C04F79EFBC}") = "ScheduleMicroservice.Infrastructure", "ScheduleMicroservice.Infrastructure\ScheduleMicroservice.Infrastructure.csproj", "{862C691A-CA85-490F-B08F-474065BB7D32}"
EndProject
Global
	GlobalSection(SolutionConfigurationPlatforms) = preSolution
		Debug|Any CPU = Debug|Any CPU
		Release|Any CPU = Release|Any CPU
	EndGlobalSection
	GlobalSection(ProjectConfigurationPlatforms) = postSolution
		{85FD7554-B890-44E7-8B79-3467165DD553}.Debug|Any CPU.ActiveCfg = Debug|Any CPU
		{85FD7554-B890-44E7-8B79-3467165DD553}.Debug|Any CPU.Build.0 = Debug|Any CPU
		{85FD7554-B890-44E7-8B79-3467165DD553}.Release|Any CPU.ActiveCfg = Release|Any CPU
		{85FD7554-B890-44E7-8B79-3467165DD553}.Release|Any CPU.Build.0 = Release|Any CPU
		{703ADD8F-8B39-49E5-A36C-770216D7CE82}.Debug|Any CPU.ActiveCfg = Debug|Any CPU
		{703ADD8F-8B39-49E5-A36C-770216D7CE82}.Debug|Any CPU.Build.0 = Debug|Any CPU
		{703ADD8F-8B39-49E5-A36C-770216D7CE82}.Release|Any CPU.ActiveCfg = Release|Any CPU
		{703ADD8F-8B39-49E5-A36C-770216D7CE82}.Release|Any CPU.Build.0 = Release|Any CPU
		{D234D21C-6B95-49EE-BF97-437A4C7DECA2}.Debug|Any CPU.ActiveCfg = Debug|Any CPU
		{D234D21C-6B95-49EE-BF97-437A4C7DECA2}.Debug|Any CPU.Build.0 = Debug|Any CPU
		{D234D21C-6B95-49EE-BF97-437A4C7DECA2}.Release|Any CPU.ActiveCfg = Release|Any CPU
		{D234D21C-6B95-49EE-BF97-437A4C7DECA2}.Release|Any CPU.Build.0 = Release|Any CPU
		{862C691A-CA85-490F-B08F-474065BB7D32}.Debug|Any CPU.ActiveCfg = Debug|Any CPU
		{862C691A-CA85-490F-B08F-474065BB7D32}.Debug|Any CPU.Build.0 = Debug|Any CPU
		{862C691A-CA85-490F-B08F-474065BB7D32}.Release|Any CPU.ActiveCfg = Release|Any CPU
		{862C691A-CA85-490F-B08F-474065BB7D32}.Release|Any CPU.Build.0 = Release|Any CPU
	EndGlobalSection
	GlobalSection(SolutionProperties) = preSolution
		HideSolutionNode = FALSE
	EndGlobalSection
	GlobalSection(ExtensibilityGlobals) = postSolution
		SolutionGuid = {223D3DBE-D231-478E-A9A4-9B05E8140208}
	EndGlobalSection
EndGlobal
